
Microsoft Visual Studio Solution File, Format Version 12.00
# Visual Studio Version 17
VisualStudioVersion = 17.12.35514.174 d17.12
MinimumVisualStudioVersion = 10.0.40219.1
Project("{FAE04EC0-301F-11D3-BF4B-00C04F79EFBC}") = "ConsoleHalloWereld", "ConsoleHalloWereld\ConsoleHalloWereld.csproj", "{68A8D4EE-BF74-4180-8B8E-15D29118AA41}"
EndProject
Global
	GlobalSection(SolutionConfigurationPlatforms) = preSolution
		Debug|Any CPU = Debug|Any CPU
		Release|Any CPU = Release|Any CPU
	EndGlobalSection
	GlobalSection(ProjectConfigurationPlatforms) = postSolution
		{68A8D4EE-BF74-4180-8B8E-15D29118AA41}.Debug|Any CPU.ActiveCfg = Debug|Any CPU
		{68A8D4EE-BF74-4180-8B8E-15D29118AA41}.Debug|Any CPU.Build.0 = Debug|Any CPU
		{68A8D4EE-BF74-4180-8B8E-15D29118AA41}.Release|Any CPU.ActiveCfg = Release|Any CPU
		{68A8D4EE-BF74-4180-8B8E-15D29118AA41}.Release|Any CPU.Build.0 = Release|Any CPU
	EndGlobalSection
	GlobalSection(SolutionProperties) = preSolution
		HideSolutionNode = FALSE
	EndGlobalSection
EndGlobal
